
Microsoft Visual Studio Solution File, Format Version 12.00
# Visual Studio Version 16
VisualStudioVersion = 16.0.31515.178
MinimumVisualStudioVersion = 10.0.40219.1
Project("{FAE04EC0-301F-11D3-BF4B-00C04F79EFBC}") = "NHibernateDemo.Infrastructure", "src\NHibernateDemo.Infrastructure\NHibernateDemo.Infrastructure.csproj", "{4A7698C7-4301-4150-A008-734B1BD2822E}"
EndProject
Project("{FAE04EC0-301F-11D3-BF4B-00C04F79EFBC}") = "NHibernateDemo.WebApi", "src\NHibernateDemo.WebApi\NHibernateDemo.WebApi.csproj", "{8550B1EF-8DF8-44A7-BAF7-87872529B109}"
EndProject
Global
	GlobalSection(SolutionConfigurationPlatforms) = preSolution
		Debug|Any CPU = Debug|Any CPU
		Release|Any CPU = Release|Any CPU
	EndGlobalSection
	GlobalSection(ProjectConfigurationPlatforms) = postSolution
		{4A7698C7-4301-4150-A008-734B1BD2822E}.Debug|Any CPU.ActiveCfg = Debug|Any CPU
		{4A7698C7-4301-4150-A008-734B1BD2822E}.Debug|Any CPU.Build.0 = Debug|Any CPU
		{4A7698C7-4301-4150-A008-734B1BD2822E}.Release|Any CPU.ActiveCfg = Release|Any CPU
		{4A7698C7-4301-4150-A008-734B1BD2822E}.Release|Any CPU.Build.0 = Release|Any CPU
		{8550B1EF-8DF8-44A7-BAF7-87872529B109}.Debug|Any CPU.ActiveCfg = Debug|Any CPU
		{8550B1EF-8DF8-44A7-BAF7-87872529B109}.Debug|Any CPU.Build.0 = Debug|Any CPU
		{8550B1EF-8DF8-44A7-BAF7-87872529B109}.Release|Any CPU.ActiveCfg = Release|Any CPU
		{8550B1EF-8DF8-44A7-BAF7-87872529B109}.Release|Any CPU.Build.0 = Release|Any CPU
	EndGlobalSection
	GlobalSection(SolutionProperties) = preSolution
		HideSolutionNode = FALSE
	EndGlobalSection
	GlobalSection(ExtensibilityGlobals) = postSolution
		SolutionGuid = {3AFBED52-BE97-4036-B58A-53B123A80E5B}
	EndGlobalSection
EndGlobal
